// !$*UTF8*$!
{
	archiveVersion = 1;
	classes = {
	};
	objectVersion = 55;
	objects = {

/* Begin PBXBuildFile section */
		B7DA45B42773B2CC004958B4 /* AppDelegate.swift in Sources */ = {isa = PBXBuildFile; fileRef = B7DA45B32773B2CC004958B4 /* AppDelegate.swift */; };
		B7DA45B62773B2CC004958B4 /* SceneDelegate.swift in Sources */ = {isa = PBXBuildFile; fileRef = B7DA45B52773B2CC004958B4 /* SceneDelegate.swift */; };
		B7DA45BB2773B2CC004958B4 /* Main.storyboard in Resources */ = {isa = PBXBuildFile; fileRef = B7DA45B92773B2CC004958B4 /* Main.storyboard */; };
		B7DA45BD2773B2CD004958B4 /* Assets.xcassets in Resources */ = {isa = PBXBuildFile; fileRef = B7DA45BC2773B2CD004958B4 /* Assets.xcassets */; };
		B7DA45C02773B2CD004958B4 /* LaunchScreen.storyboard in Resources */ = {isa = PBXBuildFile; fileRef = B7DA45BE2773B2CD004958B4 /* LaunchScreen.storyboard */; };
		B7DA45C827748C7E004958B4 /* DataManager.swift in Sources */ = {isa = PBXBuildFile; fileRef = B7DA45C727748C7E004958B4 /* DataManager.swift */; };
		B7DA45CA27748C91004958B4 /* Person.swift in Sources */ = {isa = PBXBuildFile; fileRef = B7DA45C927748C91004958B4 /* Person.swift */; };
		B7DA45CC2774A25F004958B4 /* PersonListViewController.swift in Sources */ = {isa = PBXBuildFile; fileRef = B7DA45CB2774A25F004958B4 /* PersonListViewController.swift */; };
		B7DA45D42774E218004958B4 /* DetailPersonViewController.swift in Sources */ = {isa = PBXBuildFile; fileRef = B7DA45D32774E218004958B4 /* DetailPersonViewController.swift */; };
		B7DA45D62774E71A004958B4 /* DetailListViewController.swift in Sources */ = {isa = PBXBuildFile; fileRef = B7DA45D52774E71A004958B4 /* DetailListViewController.swift */; };
		B7DA45D827751665004958B4 /* TabBarViewController.swift in Sources */ = {isa = PBXBuildFile; fileRef = B7DA45D727751665004958B4 /* TabBarViewController.swift */; };
/* End PBXBuildFile section */

/* Begin PBXFileReference section */
		B7DA45B02773B2CC004958B4 /* PersonList.app */ = {isa = PBXFileReference; explicitFileType = wrapper.application; includeInIndex = 0; path = PersonList.app; sourceTree = BUILT_PRODUCTS_DIR; };
		B7DA45B32773B2CC004958B4 /* AppDelegate.swift */ = {isa = PBXFileReference; lastKnownFileType = sourcecode.swift; path = AppDelegate.swift; sourceTree = "<group>"; };
		B7DA45B52773B2CC004958B4 /* SceneDelegate.swift */ = {isa = PBXFileReference; lastKnownFileType = sourcecode.swift; path = SceneDelegate.swift; sourceTree = "<group>"; };
		B7DA45BA2773B2CC004958B4 /* Base */ = {isa = PBXFileReference; lastKnownFileType = file.storyboard; name = Base; path = Base.lproj/Main.storyboard; sourceTree = "<group>"; };
		B7DA45BC2773B2CD004958B4 /* Assets.xcassets */ = {isa = PBXFileReference; lastKnownFileType = folder.assetcatalog; path = Assets.xcassets; sourceTree = "<group>"; };
		B7DA45BF2773B2CD004958B4 /* Base */ = {isa = PBXFileReference; lastKnownFileType = file.storyboard; name = Base; path = Base.lproj/LaunchScreen.storyboard; sourceTree = "<group>"; };
		B7DA45C12773B2CD004958B4 /* Info.plist */ = {isa = PBXFileReference; lastKnownFileType = text.plist.xml; path = Info.plist; sourceTree = "<group>"; };
		B7DA45C727748C7E004958B4 /* DataManager.swift */ = {isa = PBXFileReference; lastKnownFileType = sourcecode.swift; path = DataManager.swift; sourceTree = "<group>"; };
		B7DA45C927748C91004958B4 /* Person.swift */ = {isa = PBXFileReference; lastKnownFileType = sourcecode.swift; path = Person.swift; sourceTree = "<group>"; };
		B7DA45CB2774A25F004958B4 /* PersonListViewController.swift */ = {isa = PBXFileReference; lastKnownFileType = sourcecode.swift; path = PersonListViewController.swift; sourceTree = "<group>"; };
		B7DA45D32774E218004958B4 /* DetailPersonViewController.swift */ = {isa = PBXFileReference; lastKnownFileType = sourcecode.swift; path = DetailPersonViewController.swift; sourceTree = "<group>"; };
		B7DA45D52774E71A004958B4 /* DetailListViewController.swift */ = {isa = PBXFileReference; lastKnownFileType = sourcecode.swift; path = DetailListViewController.swift; sourceTree = "<group>"; };
		B7DA45D727751665004958B4 /* TabBarViewController.swift */ = {isa = PBXFileReference; lastKnownFileType = sourcecode.swift; path = TabBarViewController.swift; sourceTree = "<group>"; };
/* End PBXFileReference section */

/* Begin PBXFrameworksBuildPhase section */
		B7DA45AD2773B2CC004958B4 /* Frameworks */ = {
			isa = PBXFrameworksBuildPhase;
			buildActionMask = 2147483647;
			files = (
			);
			runOnlyForDeploymentPostprocessing = 0;
		};
/* End PBXFrameworksBuildPhase section */

/* Begin PBXGroup section */
		B7DA45A72773B2CC004958B4 = {
			isa = PBXGroup;
			children = (
				B7DA45B22773B2CC004958B4 /* PersonList */,
				B7DA45B12773B2CC004958B4 /* Products */,
			);
			sourceTree = "<group>";
		};
		B7DA45B12773B2CC004958B4 /* Products */ = {
			isa = PBXGroup;
			children = (
				B7DA45B02773B2CC004958B4 /* PersonList.app */,
			);
			name = Products;
			sourceTree = "<group>";
		};
		B7DA45B22773B2CC004958B4 /* PersonList */ = {
			isa = PBXGroup;
			children = (
				B7DA45CE2774DF16004958B4 /* Managers */,
				B7DA45CD2774DF03004958B4 /* Model */,
				B7DA45D02774DF4E004958B4 /* Storyboard */,
				B7DA45D12774DF5D004958B4 /* Controller */,
				B7DA45D22774DF6A004958B4 /* Resourses */,
				B7DA45CF2774DF2D004958B4 /* App */,
			);
			path = PersonList;
			sourceTree = "<group>";
		};
		B7DA45CD2774DF03004958B4 /* Model */ = {
			isa = PBXGroup;
			children = (
				B7DA45C927748C91004958B4 /* Person.swift */,
			);
			path = Model;
			sourceTree = "<group>";
		};
		B7DA45CE2774DF16004958B4 /* Managers */ = {
			isa = PBXGroup;
			children = (
				B7DA45C727748C7E004958B4 /* DataManager.swift */,
			);
			path = Managers;
			sourceTree = "<group>";
		};
		B7DA45CF2774DF2D004958B4 /* App */ = {
			isa = PBXGroup;
			children = (
				B7DA45B32773B2CC004958B4 /* AppDelegate.swift */,
				B7DA45B52773B2CC004958B4 /* SceneDelegate.swift */,
				B7DA45C12773B2CD004958B4 /* Info.plist */,
			);
			path = App;
			sourceTree = "<group>";
		};
		B7DA45D02774DF4E004958B4 /* Storyboard */ = {
			isa = PBXGroup;
			children = (
				B7DA45B92773B2CC004958B4 /* Main.storyboard */,
				B7DA45BE2773B2CD004958B4 /* LaunchScreen.storyboard */,
			);
			path = Storyboard;
			sourceTree = "<group>";
		};
		B7DA45D12774DF5D004958B4 /* Controller */ = {
			isa = PBXGroup;
			children = (
				B7DA45CB2774A25F004958B4 /* PersonListViewController.swift */,
				B7DA45D32774E218004958B4 /* DetailPersonViewController.swift */,
				B7DA45D52774E71A004958B4 /* DetailListViewController.swift */,
				B7DA45D727751665004958B4 /* TabBarViewController.swift */,
			);
			path = Controller;
			sourceTree = "<group>";
		};
		B7DA45D22774DF6A004958B4 /* Resourses */ = {
			isa = PBXGroup;
			children = (
				B7DA45BC2773B2CD004958B4 /* Assets.xcassets */,
			);
			path = Resourses;
			sourceTree = "<group>";
		};
/* End PBXGroup section */

/* Begin PBXNativeTarget section */
		B7DA45AF2773B2CC004958B4 /* PersonList */ = {
			isa = PBXNativeTarget;
			buildConfigurationList = B7DA45C42773B2CD004958B4 /* Build configuration list for PBXNativeTarget "PersonList" */;
			buildPhases = (
				B7DA45AC2773B2CC004958B4 /* Sources */,
				B7DA45AD2773B2CC004958B4 /* Frameworks */,
				B7DA45AE2773B2CC004958B4 /* Resources */,
			);
			buildRules = (
			);
			dependencies = (
			);
			name = PersonList;
			productName = PersonList;
			productReference = B7DA45B02773B2CC004958B4 /* PersonList.app */;
			productType = "com.apple.product-type.application";
		};
/* End PBXNativeTarget section */

/* Begin PBXProject section */
		B7DA45A82773B2CC004958B4 /* Project object */ = {
			isa = PBXProject;
			attributes = {
				BuildIndependentTargetsInParallel = 1;
				LastSwiftUpdateCheck = 1320;
				LastUpgradeCheck = 1320;
				TargetAttributes = {
					B7DA45AF2773B2CC004958B4 = {
						CreatedOnToolsVersion = 13.2.1;
					};
				};
			};
			buildConfigurationList = B7DA45AB2773B2CC004958B4 /* Build configuration list for PBXProject "PersonList" */;
			compatibilityVersion = "Xcode 13.0";
			developmentRegion = en;
			hasScannedForEncodings = 0;
			knownRegions = (
				en,
				Base,
			);
			mainGroup = B7DA45A72773B2CC004958B4;
			productRefGroup = B7DA45B12773B2CC004958B4 /* Products */;
			projectDirPath = "";
			projectRoot = "";
			targets = (
				B7DA45AF2773B2CC004958B4 /* PersonList */,
			);
		};
/* End PBXProject section */

/* Begin PBXResourcesBuildPhase section */
		B7DA45AE2773B2CC004958B4 /* Resources */ = {
			isa = PBXResourcesBuildPhase;
			buildActionMask = 2147483647;
			files = (
				B7DA45C02773B2CD004958B4 /* LaunchScreen.storyboard in Resources */,
				B7DA45BD2773B2CD004958B4 /* Assets.xcassets in Resources */,
				B7DA45BB2773B2CC004958B4 /* Main.storyboard in Resources */,
			);
			runOnlyForDeploymentPostprocessing = 0;
		};
/* End PBXResourcesBuildPhase section */

/* Begin PBXSourcesBuildPhase section */
		B7DA45AC2773B2CC004958B4 /* Sources */ = {
			isa = PBXSourcesBuildPhase;
			buildActionMask = 2147483647;
			files = (
				B7DA45D827751665004958B4 /* TabBarViewController.swift in Sources */,
				B7DA45CA27748C91004958B4 /* Person.swift in Sources */,
				B7DA45C827748C7E004958B4 /* DataManager.swift in Sources */,
				B7DA45D62774E71A004958B4 /* DetailListViewController.swift in Sources */,
				B7DA45D42774E218004958B4 /* DetailPersonViewController.swift in Sources */,
				B7DA45CC2774A25F004958B4 /* PersonListViewController.swift in Sources */,
				B7DA45B42773B2CC004958B4 /* AppDelegate.swift in Sources */,
				B7DA45B62773B2CC004958B4 /* SceneDelegate.swift in Sources */,
			);
			runOnlyForDeploymentPostprocessing = 0;
		};
/* End PBXSourcesBuildPhase section */

/* Begin PBXVariantGroup section */
		B7DA45B92773B2CC004958B4 /* Main.storyboard */ = {
			isa = PBXVariantGroup;
			children = (
				B7DA45BA2773B2CC004958B4 /* Base */,
			);
			name = Main.storyboard;
			sourceTree = "<group>";
		};
		B7DA45BE2773B2CD004958B4 /* LaunchScreen.storyboard */ = {
			isa = PBXVariantGroup;
			children = (
				B7DA45BF2773B2CD004958B4 /* Base */,
			);
			name = LaunchScreen.storyboard;
			sourceTree = "<group>";
		};
/* End PBXVariantGroup section */

/* Begin XCBuildConfiguration section */
		B7DA45C22773B2CD004958B4 /* Debug */ = {
			isa = XCBuildConfiguration;
			buildSettings = {
				ALWAYS_SEARCH_USER_PATHS = NO;
				CLANG_ANALYZER_NONNULL = YES;
				CLANG_ANALYZER_NUMBER_OBJECT_CONVERSION = YES_AGGRESSIVE;
				CLANG_CXX_LANGUAGE_STANDARD = "gnu++17";
				CLANG_CXX_LIBRARY = "libc++";
				CLANG_ENABLE_MODULES = YES;
				CLANG_ENABLE_OBJC_ARC = YES;
				CLANG_ENABLE_OBJC_WEAK = YES;
				CLANG_WARN_BLOCK_CAPTURE_AUTORELEASING = YES;
				CLANG_WARN_BOOL_CONVERSION = YES;
				CLANG_WARN_COMMA = YES;
				CLANG_WARN_CONSTANT_CONVERSION = YES;
				CLANG_WARN_DEPRECATED_OBJC_IMPLEMENTATIONS = YES;
				CLANG_WARN_DIRECT_OBJC_ISA_USAGE = YES_ERROR;
				CLANG_WARN_DOCUMENTATION_COMMENTS = YES;
				CLANG_WARN_EMPTY_BODY = YES;
				CLANG_WARN_ENUM_CONVERSION = YES;
				CLANG_WARN_INFINITE_RECURSION = YES;
				CLANG_WARN_INT_CONVERSION = YES;
				CLANG_WARN_NON_LITERAL_NULL_CONVERSION = YES;
				CLANG_WARN_OBJC_IMPLICIT_RETAIN_SELF = YES;
				CLANG_WARN_OBJC_LITERAL_CONVERSION = YES;
				CLANG_WARN_OBJC_ROOT_CLASS = YES_ERROR;
				CLANG_WARN_QUOTED_INCLUDE_IN_FRAMEWORK_HEADER = YES;
				CLANG_WARN_RANGE_LOOP_ANALYSIS = YES;
				CLANG_WARN_STRICT_PROTOTYPES = YES;
				CLANG_WARN_SUSPICIOUS_MOVE = YES;
				CLANG_WARN_UNGUARDED_AVAILABILITY = YES_AGGRESSIVE;
				CLANG_WARN_UNREACHABLE_CODE = YES;
				CLANG_WARN__DUPLICATE_METHOD_MATCH = YES;
				COPY_PHASE_STRIP = NO;
				DEBUG_INFORMATION_FORMAT = dwarf;
				ENABLE_STRICT_OBJC_MSGSEND = YES;
				ENABLE_TESTABILITY = YES;
				GCC_C_LANGUAGE_STANDARD = gnu11;
				GCC_DYNAMIC_NO_PIC = NO;
				GCC_NO_COMMON_BLOCKS = YES;
				GCC_OPTIMIZATION_LEVEL = 0;
				GCC_PREPROCESSOR_DEFINITIONS = (
					"DEBUG=1",
					"$(inherited)",
				);
				GCC_WARN_64_TO_32_BIT_CONVERSION = YES;
				GCC_WARN_ABOUT_RETURN_TYPE = YES_ERROR;
				GCC_WARN_UNDECLARED_SELECTOR = YES;
				GCC_WARN_UNINITIALIZED_AUTOS = YES_AGGRESSIVE;
				GCC_WARN_UNUSED_FUNCTION = YES;
				GCC_WARN_UNUSED_VARIABLE = YES;
				IPHONEOS_DEPLOYMENT_TARGET = 15.2;
				MTL_ENABLE_DEBUG_INFO = INCLUDE_SOURCE;
				MTL_FAST_MATH = YES;
				ONLY_ACTIVE_ARCH = YES;
				SDKROOT = iphoneos;
				SWIFT_ACTIVE_COMPILATION_CONDITIONS = DEBUG;
				SWIFT_OPTIMIZATION_LEVEL = "-Onone";
			};
			name = Debug;
		};
		B7DA45C32773B2CD004958B4 /* Release */ = {
			isa = XCBuildConfiguration;
			buildSettings = {
				ALWAYS_SEARCH_USER_PATHS = NO;
				CLANG_ANALYZER_NONNULL = YES;
				CLANG_ANALYZER_NUMBER_OBJECT_CONVERSION = YES_AGGRESSIVE;
				CLANG_CXX_LANGUAGE_STANDARD = "gnu++17";
				CLANG_CXX_LIBRARY = "libc++";
				CLANG_ENABLE_MODULES = YES;
				CLANG_ENABLE_OBJC_ARC = YES;
				CLANG_ENABLE_OBJC_WEAK = YES;
				CLANG_WARN_BLOCK_CAPTURE_AUTORELEASING = YES;
				CLANG_WARN_BOOL_CONVERSION = YES;
				CLANG_WARN_COMMA = YES;
				CLANG_WARN_CONSTANT_CONVERSION = YES;
				CLANG_WARN_DEPRECATED_OBJC_IMPLEMENTATIONS = YES;
				CLANG_WARN_DIRECT_OBJC_ISA_USAGE = YES_ERROR;
				CLANG_WARN_DOCUMENTATION_COMMENTS = YES;
				CLANG_WARN_EMPTY_BODY = YES;
				CLANG_WARN_ENUM_CONVERSION = YES;
				CLANG_WARN_INFINITE_RECURSION = YES;
				CLANG_WARN_INT_CONVERSION = YES;
				CLANG_WARN_NON_LITERAL_NULL_CONVERSION = YES;
				CLANG_WARN_OBJC_IMPLICIT_RETAIN_SELF = YES;
				CLANG_WARN_OBJC_LITERAL_CONVERSION = YES;
				CLANG_WARN_OBJC_ROOT_CLASS = YES_ERROR;
				CLANG_WARN_QUOTED_INCLUDE_IN_FRAMEWORK_HEADER = YES;
				CLANG_WARN_RANGE_LOOP_ANALYSIS = YES;
				CLANG_WARN_STRICT_PROTOTYPES = YES;
				CLANG_WARN_SUSPICIOUS_MOVE = YES;
				CLANG_WARN_UNGUARDED_AVAILABILITY = YES_AGGRESSIVE;
				CLANG_WARN_UNREACHABLE_CODE = YES;
				CLANG_WARN__DUPLICATE_METHOD_MATCH = YES;
				COPY_PHASE_STRIP = NO;
				DEBUG_INFORMATION_FORMAT = "dwarf-with-dsym";
				ENABLE_NS_ASSERTIONS = NO;
				ENABLE_STRICT_OBJC_MSGSEND = YES;
				GCC_C_LANGUAGE_STANDARD = gnu11;
				GCC_NO_COMMON_BLOCKS = YES;
				GCC_WARN_64_TO_32_BIT_CONVERSION = YES;
				GCC_WARN_ABOUT_RETURN_TYPE = YES_ERROR;
				GCC_WARN_UNDECLARED_SELECTOR = YES;
				GCC_WARN_UNINITIALIZED_AUTOS = YES_AGGRESSIVE;
				GCC_WARN_UNUSED_FUNCTION = YES;
				GCC_WARN_UNUSED_VARIABLE = YES;
				IPHONEOS_DEPLOYMENT_TARGET = 15.2;
				MTL_ENABLE_DEBUG_INFO = NO;
				MTL_FAST_MATH = YES;
				SDKROOT = iphoneos;
				SWIFT_COMPILATION_MODE = wholemodule;
				SWIFT_OPTIMIZATION_LEVEL = "-O";
				VALIDATE_PRODUCT = YES;
			};
			name = Release;
		};
		B7DA45C52773B2CD004958B4 /* Debug */ = {
			isa = XCBuildConfiguration;
			buildSettings = {
				ASSETCATALOG_COMPILER_APPICON_NAME = AppIcon;
				ASSETCATALOG_COMPILER_GLOBAL_ACCENT_COLOR_NAME = AccentColor;
				CODE_SIGN_STYLE = Automatic;
				CURRENT_PROJECT_VERSION = 1;
				DEVELOPMENT_TEAM = W692V8R62W;
				GENERATE_INFOPLIST_FILE = YES;
				INFOPLIST_FILE = PersonList/App/Info.plist;
				INFOPLIST_KEY_UIApplicationSupportsIndirectInputEvents = YES;
				INFOPLIST_KEY_UILaunchStoryboardName = LaunchScreen;
				INFOPLIST_KEY_UIMainStoryboardFile = Main;
				INFOPLIST_KEY_UISupportedInterfaceOrientations_iPad = "UIInterfaceOrientationPortrait UIInterfaceOrientationPortraitUpsideDown UIInterfaceOrientationLandscapeLeft UIInterfaceOrientationLandscapeRight";
				INFOPLIST_KEY_UISupportedInterfaceOrientations_iPhone = "UIInterfaceOrientationPortrait UIInterfaceOrientationLandscapeLeft UIInterfaceOrientationLandscapeRight";
				LD_RUNPATH_SEARCH_PATHS = (
					"$(inherited)",
					"@executable_path/Frameworks",
				);
				MARKETING_VERSION = 1.0;
				PRODUCT_BUNDLE_IDENTIFIER = ru.efimov.school.PersonList;
				PRODUCT_NAME = "$(TARGET_NAME)";
				SWIFT_EMIT_LOC_STRINGS = YES;
				SWIFT_VERSION = 5.0;
				TARGETED_DEVICE_FAMILY = "1,2";
			};
			name = Debug;
		};
		B7DA45C62773B2CD004958B4 /* Release */ = {
			isa = XCBuildConfiguration;
			buildSettings = {
				ASSETCATALOG_COMPILER_APPICON_NAME = AppIcon;
				ASSETCATALOG_COMPILER_GLOBAL_ACCENT_COLOR_NAME = AccentColor;
				CODE_SIGN_STYLE = Automatic;
				CURRENT_PROJECT_VERSION = 1;
				DEVELOPMENT_TEAM = W692V8R62W;
				GENERATE_INFOPLIST_FILE = YES;
				INFOPLIST_FILE = PersonList/App/Info.plist;
				INFOPLIST_KEY_UIApplicationSupportsIndirectInputEvents = YES;
				INFOPLIST_KEY_UILaunchStoryboardName = LaunchScreen;
				INFOPLIST_KEY_UIMainStoryboardFile = Main;
				INFOPLIST_KEY_UISupportedInterfaceOrientations_iPad = "UIInterfaceOrientationPortrait UIInterfaceOrientationPortraitUpsideDown UIInterfaceOrientationLandscapeLeft UIInterfaceOrientationLandscapeRight";
				INFOPLIST_KEY_UISupportedInterfaceOrientations_iPhone = "UIInterfaceOrientationPortrait UIInterfaceOrientationLandscapeLeft UIInterfaceOrientationLandscapeRight";
				LD_RUNPATH_SEARCH_PATHS = (
					"$(inherited)",
					"@executable_path/Frameworks",
				);
				MARKETING_VERSION = 1.0;
				PRODUCT_BUNDLE_IDENTIFIER = ru.efimov.school.PersonList;
				PRODUCT_NAME = "$(TARGET_NAME)";
				SWIFT_EMIT_LOC_STRINGS = YES;
				SWIFT_VERSION = 5.0;
				TARGETED_DEVICE_FAMILY = "1,2";
			};
			name = Release;
		};
/* End XCBuildConfiguration section */

/* Begin XCConfigurationList section */
		B7DA45AB2773B2CC004958B4 /* Build configuration list for PBXProject "PersonList" */ = {
			isa = XCConfigurationList;
			buildConfigurations = (
				B7DA45C22773B2CD004958B4 /* Debug */,
				B7DA45C32773B2CD004958B4 /* Release */,
			);
			defaultConfigurationIsVisible = 0;
			defaultConfigurationName = Release;
		};
		B7DA45C42773B2CD004958B4 /* Build configuration list for PBXNativeTarget "PersonList" */ = {
			isa = XCConfigurationList;
			buildConfigurations = (
				B7DA45C52773B2CD004958B4 /* Debug */,
				B7DA45C62773B2CD004958B4 /* Release */,
			);
			defaultConfigurationIsVisible = 0;
			defaultConfigurationName = Release;
		};
/* End XCConfigurationList section */
	};
	rootObject = B7DA45A82773B2CC004958B4 /* Project object */;
}
